
Microsoft Visual Studio Solution File, Format Version 12.00
# Visual Studio Version 17
VisualStudioVersion = 17.9.34310.174
MinimumVisualStudioVersion = 10.0.40219.1
Project("{2150E333-8FDC-42A3-9474-1A3956D46DE8}") = "FrontEnd", "FrontEnd", "{32DE212F-6882-4A48-8620-4F778C3C2F38}"
EndProject
Project("{2150E333-8FDC-42A3-9474-1A3956D46DE8}") = "Gateway", "Gateway", "{7A6FB8BC-44C3-4D35-B7E9-6C0CEFF332D3}"
EndProject
Project("{2150E333-8FDC-42A3-9474-1A3956D46DE8}") = "Integration", "Integration", "{08596977-3B19-45DE-ACA6-0466A064CF27}"
EndProject
Project("{2150E333-8FDC-42A3-9474-1A3956D46DE8}") = "Solution Items", "Solution Items", "{F35B63D7-9D35-44D6-B33C-52641751D802}"
	ProjectSection(SolutionItems) = preProject
		.editorconfig = .editorconfig
	EndProjectSection
EndProject
Project("{FAE04EC0-301F-11D3-BF4B-00C04F79EFBC}") = "K.KTastyFood.Web", "K.KTastyFood.Web\K.KTastyFood.Web.csproj", "{40796BCB-B557-490D-8547-F281EA6CA74B}"
EndProject
Global
	GlobalSection(SolutionConfigurationPlatforms) = preSolution
		Debug|Any CPU = Debug|Any CPU
		Release|Any CPU = Release|Any CPU
	EndGlobalSection
	GlobalSection(ProjectConfigurationPlatforms) = postSolution
		{40796BCB-B557-490D-8547-F281EA6CA74B}.Debug|Any CPU.ActiveCfg = Debug|Any CPU
		{40796BCB-B557-490D-8547-F281EA6CA74B}.Debug|Any CPU.Build.0 = Debug|Any CPU
		{40796BCB-B557-490D-8547-F281EA6CA74B}.Release|Any CPU.ActiveCfg = Release|Any CPU
		{40796BCB-B557-490D-8547-F281EA6CA74B}.Release|Any CPU.Build.0 = Release|Any CPU
	EndGlobalSection
	GlobalSection(SolutionProperties) = preSolution
		HideSolutionNode = FALSE
	EndGlobalSection
	GlobalSection(NestedProjects) = preSolution
		{40796BCB-B557-490D-8547-F281EA6CA74B} = {32DE212F-6882-4A48-8620-4F778C3C2F38}
	EndGlobalSection
	GlobalSection(ExtensibilityGlobals) = postSolution
		SolutionGuid = {0F03322F-6040-44A4-B989-336B8A03A14A}
	EndGlobalSection
EndGlobal
